
Microsoft Visual Studio Solution File, Format Version 12.00
# Visual Studio Version 17
VisualStudioVersion = 17.4.33205.214
MinimumVisualStudioVersion = 10.0.40219.1
Project("{2150E333-8FDC-42A3-9474-1A3956D46DE8}") = "front", "front", "{9A0F38EB-E6A3-461B-AD92-976BE745214E}"
EndProject
Project("{9A19103F-16F7-4668-BE54-9A1E7A4F7556}") = "Web", "Web\Web.csproj", "{8980A255-EB2F-4000-9146-7457E53B4AAB}"
EndProject
Project("{2150E333-8FDC-42A3-9474-1A3956D46DE8}") = "back", "back", "{2378F574-21FF-49F3-96B5-E122F0A41673}"
EndProject
Project("{9A19103F-16F7-4668-BE54-9A1E7A4F7556}") = "Services", "Services\Services.csproj", "{9503F1EF-6ACA-4635-9C61-D2C037CF0901}"
EndProject
Project("{2150E333-8FDC-42A3-9474-1A3956D46DE8}") = "test", "test", "{FF99807E-D4C5-4A5B-8219-A44BE00D3222}"
EndProject
Project("{9A19103F-16F7-4668-BE54-9A1E7A4F7556}") = "testApp", "testApp\testApp.csproj", "{4E081BCF-2E36-4F6A-A919-F6AAC3D568AB}"
EndProject
Project("{FAE04EC0-301F-11D3-BF4B-00C04F79EFBC}") = "DTOs", "DTOs\DTOs.csproj", "{198EC794-5310-4B8C-938D-FA4156AABA0E}"
EndProject
Project("{2150E333-8FDC-42A3-9474-1A3956D46DE8}") = "data", "data", "{4D79C9C3-DF36-4B30-A8B8-E1CAD2A21ECB}"
EndProject
Project("{2150E333-8FDC-42A3-9474-1A3956D46DE8}") = "UnitOfWork", "UnitOfWork", "{D3C9EAA4-246B-4BB0-A032-D86A40101741}"
EndProject
Project("{2150E333-8FDC-42A3-9474-1A3956D46DE8}") = "Repository", "Repository", "{5D5899FD-10A2-404C-9862-17A7A75B4A88}"
EndProject
Project("{FAE04EC0-301F-11D3-BF4B-00C04F79EFBC}") = "Repository.Interface", "Repositories\Repository.Interface.csproj", "{A9A12873-C6DD-40A5-8569-AC000E0F5841}"
EndProject
Project("{FAE04EC0-301F-11D3-BF4B-00C04F79EFBC}") = "UnitOfWork.Interfaces", "UnitOfWork.Interfaces\UnitOfWork.Interfaces.csproj", "{6F02D7E1-96A1-4933-86C7-905962BD2E84}"
EndProject
Project("{FAE04EC0-301F-11D3-BF4B-00C04F79EFBC}") = "UnitOfWork.SqlServer", "UnitOfWork.SqlServer\UnitOfWork.SqlServer.csproj", "{2DF3FDD6-93E6-47CC-9D6A-A1011E5414F8}"
EndProject
Project("{FAE04EC0-301F-11D3-BF4B-00C04F79EFBC}") = "Repository.SqlServer", "Repository.SqlServer\Repository.SqlServer.csproj", "{1BABD353-B250-476A-89D2-65978E7ED3AE}"
EndProject
Global
	GlobalSection(SolutionConfigurationPlatforms) = preSolution
		Debug|Any CPU = Debug|Any CPU
		Release|Any CPU = Release|Any CPU
	EndGlobalSection
	GlobalSection(ProjectConfigurationPlatforms) = postSolution
		{8980A255-EB2F-4000-9146-7457E53B4AAB}.Debug|Any CPU.ActiveCfg = Debug|Any CPU
		{8980A255-EB2F-4000-9146-7457E53B4AAB}.Debug|Any CPU.Build.0 = Debug|Any CPU
		{8980A255-EB2F-4000-9146-7457E53B4AAB}.Release|Any CPU.ActiveCfg = Release|Any CPU
		{8980A255-EB2F-4000-9146-7457E53B4AAB}.Release|Any CPU.Build.0 = Release|Any CPU
		{9503F1EF-6ACA-4635-9C61-D2C037CF0901}.Debug|Any CPU.ActiveCfg = Debug|Any CPU
		{9503F1EF-6ACA-4635-9C61-D2C037CF0901}.Debug|Any CPU.Build.0 = Debug|Any CPU
		{9503F1EF-6ACA-4635-9C61-D2C037CF0901}.Release|Any CPU.ActiveCfg = Release|Any CPU
		{9503F1EF-6ACA-4635-9C61-D2C037CF0901}.Release|Any CPU.Build.0 = Release|Any CPU
		{4E081BCF-2E36-4F6A-A919-F6AAC3D568AB}.Debug|Any CPU.ActiveCfg = Debug|Any CPU
		{4E081BCF-2E36-4F6A-A919-F6AAC3D568AB}.Debug|Any CPU.Build.0 = Debug|Any CPU
		{4E081BCF-2E36-4F6A-A919-F6AAC3D568AB}.Release|Any CPU.ActiveCfg = Release|Any CPU
		{4E081BCF-2E36-4F6A-A919-F6AAC3D568AB}.Release|Any CPU.Build.0 = Release|Any CPU
		{198EC794-5310-4B8C-938D-FA4156AABA0E}.Debug|Any CPU.ActiveCfg = Debug|Any CPU
		{198EC794-5310-4B8C-938D-FA4156AABA0E}.Debug|Any CPU.Build.0 = Debug|Any CPU
		{198EC794-5310-4B8C-938D-FA4156AABA0E}.Release|Any CPU.ActiveCfg = Release|Any CPU
		{198EC794-5310-4B8C-938D-FA4156AABA0E}.Release|Any CPU.Build.0 = Release|Any CPU
		{A9A12873-C6DD-40A5-8569-AC000E0F5841}.Debug|Any CPU.ActiveCfg = Debug|Any CPU
		{A9A12873-C6DD-40A5-8569-AC000E0F5841}.Debug|Any CPU.Build.0 = Debug|Any CPU
		{A9A12873-C6DD-40A5-8569-AC000E0F5841}.Release|Any CPU.ActiveCfg = Release|Any CPU
		{A9A12873-C6DD-40A5-8569-AC000E0F5841}.Release|Any CPU.Build.0 = Release|Any CPU
		{6F02D7E1-96A1-4933-86C7-905962BD2E84}.Debug|Any CPU.ActiveCfg = Debug|Any CPU
		{6F02D7E1-96A1-4933-86C7-905962BD2E84}.Debug|Any CPU.Build.0 = Debug|Any CPU
		{6F02D7E1-96A1-4933-86C7-905962BD2E84}.Release|Any CPU.ActiveCfg = Release|Any CPU
		{6F02D7E1-96A1-4933-86C7-905962BD2E84}.Release|Any CPU.Build.0 = Release|Any CPU
		{2DF3FDD6-93E6-47CC-9D6A-A1011E5414F8}.Debug|Any CPU.ActiveCfg = Debug|Any CPU
		{2DF3FDD6-93E6-47CC-9D6A-A1011E5414F8}.Debug|Any CPU.Build.0 = Debug|Any CPU
		{2DF3FDD6-93E6-47CC-9D6A-A1011E5414F8}.Release|Any CPU.ActiveCfg = Release|Any CPU
		{2DF3FDD6-93E6-47CC-9D6A-A1011E5414F8}.Release|Any CPU.Build.0 = Release|Any CPU
		{1BABD353-B250-476A-89D2-65978E7ED3AE}.Debug|Any CPU.ActiveCfg = Debug|Any CPU
		{1BABD353-B250-476A-89D2-65978E7ED3AE}.Debug|Any CPU.Build.0 = Debug|Any CPU
		{1BABD353-B250-476A-89D2-65978E7ED3AE}.Release|Any CPU.ActiveCfg = Release|Any CPU
		{1BABD353-B250-476A-89D2-65978E7ED3AE}.Release|Any CPU.Build.0 = Release|Any CPU
	EndGlobalSection
	GlobalSection(SolutionProperties) = preSolution
		HideSolutionNode = FALSE
	EndGlobalSection
	GlobalSection(NestedProjects) = preSolution
		{8980A255-EB2F-4000-9146-7457E53B4AAB} = {9A0F38EB-E6A3-461B-AD92-976BE745214E}
		{9503F1EF-6ACA-4635-9C61-D2C037CF0901} = {2378F574-21FF-49F3-96B5-E122F0A41673}
		{4E081BCF-2E36-4F6A-A919-F6AAC3D568AB} = {FF99807E-D4C5-4A5B-8219-A44BE00D3222}
		{198EC794-5310-4B8C-938D-FA4156AABA0E} = {2378F574-21FF-49F3-96B5-E122F0A41673}
		{D3C9EAA4-246B-4BB0-A032-D86A40101741} = {4D79C9C3-DF36-4B30-A8B8-E1CAD2A21ECB}
		{5D5899FD-10A2-404C-9862-17A7A75B4A88} = {4D79C9C3-DF36-4B30-A8B8-E1CAD2A21ECB}
		{A9A12873-C6DD-40A5-8569-AC000E0F5841} = {5D5899FD-10A2-404C-9862-17A7A75B4A88}
		{6F02D7E1-96A1-4933-86C7-905962BD2E84} = {D3C9EAA4-246B-4BB0-A032-D86A40101741}
		{2DF3FDD6-93E6-47CC-9D6A-A1011E5414F8} = {D3C9EAA4-246B-4BB0-A032-D86A40101741}
		{1BABD353-B250-476A-89D2-65978E7ED3AE} = {5D5899FD-10A2-404C-9862-17A7A75B4A88}
	EndGlobalSection
	GlobalSection(ExtensibilityGlobals) = postSolution
		SolutionGuid = {E0359E21-C98C-432A-9130-6AA0CF41750C}
	EndGlobalSection
EndGlobal
